
Microsoft Visual Studio Solution File, Format Version 12.00
# Visual Studio 2013
VisualStudioVersion = 12.0.40629.0
MinimumVisualStudioVersion = 10.0.40219.1
Project("{FAE04EC0-301F-11D3-BF4B-00C04F79EFBC}") = "Task5.Logic", "Task5.Logic\Task5.Logic.csproj", "{18D059FA-5518-405F-B99F-267D60986242}"
EndProject
Project("{FAE04EC0-301F-11D3-BF4B-00C04F79EFBC}") = "Task5.GUI", "Task5.GUI\Task5.GUI.csproj", "{D9FA9869-C3AC-45CC-8EBC-23B3CD0ADD4D}"
EndProject
Project("{FAE04EC0-301F-11D3-BF4B-00C04F79EFBC}") = "Task6.Logic", "Task6.Logic\Task6.Logic.csproj", "{B2BA3392-2B69-422D-83E4-3C550B14F6BA}"
EndProject
Project("{FAE04EC0-301F-11D3-BF4B-00C04F79EFBC}") = "Task7.Logic", "Task7.Logic\Task7.Logic.csproj", "{92682210-65BF-492D-B077-CB9E7439E0AE}"
EndProject
Project("{FAE04EC0-301F-11D3-BF4B-00C04F79EFBC}") = "Task7.GUI", "Task7.GUI\Task7.GUI.csproj", "{214B68CA-B930-4D90-9956-CCBA7DC9DA30}"
EndProject
Project("{FAE04EC0-301F-11D3-BF4B-00C04F79EFBC}") = "Task6.GUI", "Task6.GUI\Task6.GUI.csproj", "{DA6A586F-45FB-4453-B85A-DADA1CF02D67}"
EndProject
Project("{2150E333-8FDC-42A3-9474-1A3956D46DE8}") = ".nuget", ".nuget", "{6D5BA9B9-56C1-46E7-86D0-764C10703067}"
	ProjectSection(SolutionItems) = preProject
		.nuget\packages.config = .nuget\packages.config
	EndProjectSection
EndProject
Project("{FAE04EC0-301F-11D3-BF4B-00C04F79EFBC}") = "Task5.Logic.MSUnitTests", "Task5.Logic.MSUnitTests\Task5.Logic.MSUnitTests.csproj", "{461EDBE3-EBE0-4E59-97C3-3552BD51ECE5}"
EndProject
Project("{FAE04EC0-301F-11D3-BF4B-00C04F79EFBC}") = "Task5.Logic.NUnitTestDDT", "Task5.Logic.NUnitTestDDT\Task5.Logic.NUnitTestDDT.csproj", "{B8BEFD58-738D-4EE1-B9C7-874E0CC517BF}"
EndProject
Project("{FAE04EC0-301F-11D3-BF4B-00C04F79EFBC}") = "Task6.Logic.Tests", "Task6.Logic.Tests\Task6.Logic.Tests.csproj", "{7E334528-7531-4CF4-BB9E-EF8E9EC82FAA}"
EndProject
Project("{FAE04EC0-301F-11D3-BF4B-00C04F79EFBC}") = "Task7.Logic.Tests", "Task7.Logic.Tests\Task7.Logic.Tests.csproj", "{FA2A21CA-7E63-4717-977F-C7642C62CC59}"
EndProject
Global
	GlobalSection(SolutionConfigurationPlatforms) = preSolution
		Debug|Any CPU = Debug|Any CPU
		Debug|ARM = Debug|ARM
		Debug|x64 = Debug|x64
		Debug|x86 = Debug|x86
		Release|Any CPU = Release|Any CPU
		Release|ARM = Release|ARM
		Release|x64 = Release|x64
		Release|x86 = Release|x86
	EndGlobalSection
	GlobalSection(ProjectConfigurationPlatforms) = postSolution
		{18D059FA-5518-405F-B99F-267D60986242}.Debug|Any CPU.ActiveCfg = Debug|Any CPU
		{18D059FA-5518-405F-B99F-267D60986242}.Debug|Any CPU.Build.0 = Debug|Any CPU
		{18D059FA-5518-405F-B99F-267D60986242}.Debug|ARM.ActiveCfg = Debug|Any CPU
		{18D059FA-5518-405F-B99F-267D60986242}.Debug|x64.ActiveCfg = Debug|Any CPU
		{18D059FA-5518-405F-B99F-267D60986242}.Debug|x86.ActiveCfg = Debug|Any CPU
		{18D059FA-5518-405F-B99F-267D60986242}.Release|Any CPU.ActiveCfg = Release|Any CPU
		{18D059FA-5518-405F-B99F-267D60986242}.Release|Any CPU.Build.0 = Release|Any CPU
		{18D059FA-5518-405F-B99F-267D60986242}.Release|ARM.ActiveCfg = Release|Any CPU
		{18D059FA-5518-405F-B99F-267D60986242}.Release|x64.ActiveCfg = Release|Any CPU
		{18D059FA-5518-405F-B99F-267D60986242}.Release|x86.ActiveCfg = Release|Any CPU
		{D9FA9869-C3AC-45CC-8EBC-23B3CD0ADD4D}.Debug|Any CPU.ActiveCfg = Debug|Any CPU
		{D9FA9869-C3AC-45CC-8EBC-23B3CD0ADD4D}.Debug|Any CPU.Build.0 = Debug|Any CPU
		{D9FA9869-C3AC-45CC-8EBC-23B3CD0ADD4D}.Debug|ARM.ActiveCfg = Debug|Any CPU
		{D9FA9869-C3AC-45CC-8EBC-23B3CD0ADD4D}.Debug|x64.ActiveCfg = Debug|Any CPU
		{D9FA9869-C3AC-45CC-8EBC-23B3CD0ADD4D}.Debug|x86.ActiveCfg = Debug|Any CPU
		{D9FA9869-C3AC-45CC-8EBC-23B3CD0ADD4D}.Release|Any CPU.ActiveCfg = Release|Any CPU
		{D9FA9869-C3AC-45CC-8EBC-23B3CD0ADD4D}.Release|Any CPU.Build.0 = Release|Any CPU
		{D9FA9869-C3AC-45CC-8EBC-23B3CD0ADD4D}.Release|ARM.ActiveCfg = Release|Any CPU
		{D9FA9869-C3AC-45CC-8EBC-23B3CD0ADD4D}.Release|x64.ActiveCfg = Release|Any CPU
		{D9FA9869-C3AC-45CC-8EBC-23B3CD0ADD4D}.Release|x86.ActiveCfg = Release|Any CPU
		{B2BA3392-2B69-422D-83E4-3C550B14F6BA}.Debug|Any CPU.ActiveCfg = Debug|Any CPU
		{B2BA3392-2B69-422D-83E4-3C550B14F6BA}.Debug|Any CPU.Build.0 = Debug|Any CPU
		{B2BA3392-2B69-422D-83E4-3C550B14F6BA}.Debug|ARM.ActiveCfg = Debug|Any CPU
		{B2BA3392-2B69-422D-83E4-3C550B14F6BA}.Debug|x64.ActiveCfg = Debug|Any CPU
		{B2BA3392-2B69-422D-83E4-3C550B14F6BA}.Debug|x86.ActiveCfg = Debug|Any CPU
		{B2BA3392-2B69-422D-83E4-3C550B14F6BA}.Release|Any CPU.ActiveCfg = Release|Any CPU
		{B2BA3392-2B69-422D-83E4-3C550B14F6BA}.Release|Any CPU.Build.0 = Release|Any CPU
		{B2BA3392-2B69-422D-83E4-3C550B14F6BA}.Release|ARM.ActiveCfg = Release|Any CPU
		{B2BA3392-2B69-422D-83E4-3C550B14F6BA}.Release|x64.ActiveCfg = Release|Any CPU
		{B2BA3392-2B69-422D-83E4-3C550B14F6BA}.Release|x86.ActiveCfg = Release|Any CPU
		{92682210-65BF-492D-B077-CB9E7439E0AE}.Debug|Any CPU.ActiveCfg = Debug|Any CPU
		{92682210-65BF-492D-B077-CB9E7439E0AE}.Debug|Any CPU.Build.0 = Debug|Any CPU
		{92682210-65BF-492D-B077-CB9E7439E0AE}.Debug|ARM.ActiveCfg = Debug|Any CPU
		{92682210-65BF-492D-B077-CB9E7439E0AE}.Debug|x64.ActiveCfg = Debug|Any CPU
		{92682210-65BF-492D-B077-CB9E7439E0AE}.Debug|x86.ActiveCfg = Debug|Any CPU
		{92682210-65BF-492D-B077-CB9E7439E0AE}.Release|Any CPU.ActiveCfg = Release|Any CPU
		{92682210-65BF-492D-B077-CB9E7439E0AE}.Release|Any CPU.Build.0 = Release|Any CPU
		{92682210-65BF-492D-B077-CB9E7439E0AE}.Release|ARM.ActiveCfg = Release|Any CPU
		{92682210-65BF-492D-B077-CB9E7439E0AE}.Release|x64.ActiveCfg = Release|Any CPU
		{92682210-65BF-492D-B077-CB9E7439E0AE}.Release|x86.ActiveCfg = Release|Any CPU
		{214B68CA-B930-4D90-9956-CCBA7DC9DA30}.Debug|Any CPU.ActiveCfg = Debug|Any CPU
		{214B68CA-B930-4D90-9956-CCBA7DC9DA30}.Debug|Any CPU.Build.0 = Debug|Any CPU
		{214B68CA-B930-4D90-9956-CCBA7DC9DA30}.Debug|ARM.ActiveCfg = Debug|Any CPU
		{214B68CA-B930-4D90-9956-CCBA7DC9DA30}.Debug|x64.ActiveCfg = Debug|Any CPU
		{214B68CA-B930-4D90-9956-CCBA7DC9DA30}.Debug|x86.ActiveCfg = Debug|Any CPU
		{214B68CA-B930-4D90-9956-CCBA7DC9DA30}.Release|Any CPU.ActiveCfg = Release|Any CPU
		{214B68CA-B930-4D90-9956-CCBA7DC9DA30}.Release|Any CPU.Build.0 = Release|Any CPU
		{214B68CA-B930-4D90-9956-CCBA7DC9DA30}.Release|ARM.ActiveCfg = Release|Any CPU
		{214B68CA-B930-4D90-9956-CCBA7DC9DA30}.Release|x64.ActiveCfg = Release|Any CPU
		{214B68CA-B930-4D90-9956-CCBA7DC9DA30}.Release|x86.ActiveCfg = Release|Any CPU
		{DA6A586F-45FB-4453-B85A-DADA1CF02D67}.Debug|Any CPU.ActiveCfg = Debug|Any CPU
		{DA6A586F-45FB-4453-B85A-DADA1CF02D67}.Debug|Any CPU.Build.0 = Debug|Any CPU
		{DA6A586F-45FB-4453-B85A-DADA1CF02D67}.Debug|ARM.ActiveCfg = Debug|Any CPU
		{DA6A586F-45FB-4453-B85A-DADA1CF02D67}.Debug|x64.ActiveCfg = Debug|Any CPU
		{DA6A586F-45FB-4453-B85A-DADA1CF02D67}.Debug|x86.ActiveCfg = Debug|Any CPU
		{DA6A586F-45FB-4453-B85A-DADA1CF02D67}.Release|Any CPU.ActiveCfg = Release|Any CPU
		{DA6A586F-45FB-4453-B85A-DADA1CF02D67}.Release|Any CPU.Build.0 = Release|Any CPU
		{DA6A586F-45FB-4453-B85A-DADA1CF02D67}.Release|ARM.ActiveCfg = Release|Any CPU
		{DA6A586F-45FB-4453-B85A-DADA1CF02D67}.Release|x64.ActiveCfg = Release|Any CPU
		{DA6A586F-45FB-4453-B85A-DADA1CF02D67}.Release|x86.ActiveCfg = Release|Any CPU
		{461EDBE3-EBE0-4E59-97C3-3552BD51ECE5}.Debug|Any CPU.ActiveCfg = Debug|Any CPU
		{461EDBE3-EBE0-4E59-97C3-3552BD51ECE5}.Debug|Any CPU.Build.0 = Debug|Any CPU
		{461EDBE3-EBE0-4E59-97C3-3552BD51ECE5}.Debug|ARM.ActiveCfg = Debug|Any CPU
		{461EDBE3-EBE0-4E59-97C3-3552BD51ECE5}.Debug|x64.ActiveCfg = Debug|Any CPU
		{461EDBE3-EBE0-4E59-97C3-3552BD51ECE5}.Debug|x86.ActiveCfg = Debug|Any CPU
		{461EDBE3-EBE0-4E59-97C3-3552BD51ECE5}.Release|Any CPU.ActiveCfg = Release|Any CPU
		{461EDBE3-EBE0-4E59-97C3-3552BD51ECE5}.Release|Any CPU.Build.0 = Release|Any CPU
		{461EDBE3-EBE0-4E59-97C3-3552BD51ECE5}.Release|ARM.ActiveCfg = Release|Any CPU
		{461EDBE3-EBE0-4E59-97C3-3552BD51ECE5}.Release|x64.ActiveCfg = Release|Any CPU
		{461EDBE3-EBE0-4E59-97C3-3552BD51ECE5}.Release|x86.ActiveCfg = Release|Any CPU
		{B8BEFD58-738D-4EE1-B9C7-874E0CC517BF}.Debug|Any CPU.ActiveCfg = Debug|Any CPU
		{B8BEFD58-738D-4EE1-B9C7-874E0CC517BF}.Debug|Any CPU.Build.0 = Debug|Any CPU
		{B8BEFD58-738D-4EE1-B9C7-874E0CC517BF}.Debug|ARM.ActiveCfg = Debug|Any CPU
		{B8BEFD58-738D-4EE1-B9C7-874E0CC517BF}.Debug|x64.ActiveCfg = Debug|Any CPU
		{B8BEFD58-738D-4EE1-B9C7-874E0CC517BF}.Debug|x86.ActiveCfg = Debug|Any CPU
		{B8BEFD58-738D-4EE1-B9C7-874E0CC517BF}.Release|Any CPU.ActiveCfg = Release|Any CPU
		{B8BEFD58-738D-4EE1-B9C7-874E0CC517BF}.Release|Any CPU.Build.0 = Release|Any CPU
		{B8BEFD58-738D-4EE1-B9C7-874E0CC517BF}.Release|ARM.ActiveCfg = Release|Any CPU
		{B8BEFD58-738D-4EE1-B9C7-874E0CC517BF}.Release|x64.ActiveCfg = Release|Any CPU
		{B8BEFD58-738D-4EE1-B9C7-874E0CC517BF}.Release|x86.ActiveCfg = Release|Any CPU
		{7E334528-7531-4CF4-BB9E-EF8E9EC82FAA}.Debug|Any CPU.ActiveCfg = Debug|Any CPU
		{7E334528-7531-4CF4-BB9E-EF8E9EC82FAA}.Debug|Any CPU.Build.0 = Debug|Any CPU
		{7E334528-7531-4CF4-BB9E-EF8E9EC82FAA}.Debug|ARM.ActiveCfg = Debug|Any CPU
		{7E334528-7531-4CF4-BB9E-EF8E9EC82FAA}.Debug|x64.ActiveCfg = Debug|Any CPU
		{7E334528-7531-4CF4-BB9E-EF8E9EC82FAA}.Debug|x86.ActiveCfg = Debug|Any CPU
		{7E334528-7531-4CF4-BB9E-EF8E9EC82FAA}.Release|Any CPU.ActiveCfg = Release|Any CPU
		{7E334528-7531-4CF4-BB9E-EF8E9EC82FAA}.Release|Any CPU.Build.0 = Release|Any CPU
		{7E334528-7531-4CF4-BB9E-EF8E9EC82FAA}.Release|ARM.ActiveCfg = Release|Any CPU
		{7E334528-7531-4CF4-BB9E-EF8E9EC82FAA}.Release|x64.ActiveCfg = Release|Any CPU
		{7E334528-7531-4CF4-BB9E-EF8E9EC82FAA}.Release|x86.ActiveCfg = Release|Any CPU
		{FA2A21CA-7E63-4717-977F-C7642C62CC59}.Debug|Any CPU.ActiveCfg = Debug|Any CPU
		{FA2A21CA-7E63-4717-977F-C7642C62CC59}.Debug|Any CPU.Build.0 = Debug|Any CPU
		{FA2A21CA-7E63-4717-977F-C7642C62CC59}.Debug|ARM.ActiveCfg = Debug|Any CPU
		{FA2A21CA-7E63-4717-977F-C7642C62CC59}.Debug|x64.ActiveCfg = Debug|Any CPU
		{FA2A21CA-7E63-4717-977F-C7642C62CC59}.Debug|x86.ActiveCfg = Debug|Any CPU
		{FA2A21CA-7E63-4717-977F-C7642C62CC59}.Release|Any CPU.ActiveCfg = Release|Any CPU
		{FA2A21CA-7E63-4717-977F-C7642C62CC59}.Release|Any CPU.Build.0 = Release|Any CPU
		{FA2A21CA-7E63-4717-977F-C7642C62CC59}.Release|ARM.ActiveCfg = Release|Any CPU
		{FA2A21CA-7E63-4717-977F-C7642C62CC59}.Release|x64.ActiveCfg = Release|Any CPU
		{FA2A21CA-7E63-4717-977F-C7642C62CC59}.Release|x86.ActiveCfg = Release|Any CPU
	EndGlobalSection
	GlobalSection(SolutionProperties) = preSolution
		HideSolutionNode = FALSE
	EndGlobalSection
EndGlobal
